
Microsoft Visual Studio Solution File, Format Version 12.00
# Visual Studio Version 17
VisualStudioVersion = 17.1.32414.318
MinimumVisualStudioVersion = 10.0.40219.1
Project("{9A19103F-16F7-4668-BE54-9A1E7A4F7556}") = "Proyecto", "Proyecto\Proyecto.csproj", "{45A96060-9792-4EED-934E-214D45DC5494}"
EndProject
Project("{9A19103F-16F7-4668-BE54-9A1E7A4F7556}") = "Datos", "Datos\Datos.csproj", "{03C89F33-F82D-41ED-8F48-C494C2981473}"
EndProject
Project("{9A19103F-16F7-4668-BE54-9A1E7A4F7556}") = "Modelos", "Modelos\Modelos.csproj", "{5E7624FC-24A7-4145-82FE-3C8BAF2C533F}"
EndProject
Global
	GlobalSection(SolutionConfigurationPlatforms) = preSolution
		Debug|Any CPU = Debug|Any CPU
		Release|Any CPU = Release|Any CPU
	EndGlobalSection
	GlobalSection(ProjectConfigurationPlatforms) = postSolution
		{45A96060-9792-4EED-934E-214D45DC5494}.Debug|Any CPU.ActiveCfg = Debug|Any CPU
		{45A96060-9792-4EED-934E-214D45DC5494}.Debug|Any CPU.Build.0 = Debug|Any CPU
		{45A96060-9792-4EED-934E-214D45DC5494}.Release|Any CPU.ActiveCfg = Release|Any CPU
		{45A96060-9792-4EED-934E-214D45DC5494}.Release|Any CPU.Build.0 = Release|Any CPU
		{03C89F33-F82D-41ED-8F48-C494C2981473}.Debug|Any CPU.ActiveCfg = Debug|Any CPU
		{03C89F33-F82D-41ED-8F48-C494C2981473}.Debug|Any CPU.Build.0 = Debug|Any CPU
		{03C89F33-F82D-41ED-8F48-C494C2981473}.Release|Any CPU.ActiveCfg = Release|Any CPU
		{03C89F33-F82D-41ED-8F48-C494C2981473}.Release|Any CPU.Build.0 = Release|Any CPU
		{5E7624FC-24A7-4145-82FE-3C8BAF2C533F}.Debug|Any CPU.ActiveCfg = Debug|Any CPU
		{5E7624FC-24A7-4145-82FE-3C8BAF2C533F}.Debug|Any CPU.Build.0 = Debug|Any CPU
		{5E7624FC-24A7-4145-82FE-3C8BAF2C533F}.Release|Any CPU.ActiveCfg = Release|Any CPU
		{5E7624FC-24A7-4145-82FE-3C8BAF2C533F}.Release|Any CPU.Build.0 = Release|Any CPU
	EndGlobalSection
	GlobalSection(SolutionProperties) = preSolution
		HideSolutionNode = FALSE
	EndGlobalSection
	GlobalSection(ExtensibilityGlobals) = postSolution
		SolutionGuid = {446CEBBD-76A2-4180-A38E-638BEAEBA703}
	EndGlobalSection
EndGlobal
